// !$*UTF8*$!
{
	archiveVersion = 1;
	classes = {
	};
	objectVersion = 56;
	objects = {

/* Begin PBXBuildFile section */
		1C1F6C0C2B8E4C350046C4D9 /* FitTwinMeasureApp.swift in Sources */ = {isa = PBXBuildFile; fileRef = 1C1F6C0B2B8E4C350046C4D9 /* FitTwinMeasureApp.swift */; };
		1C1F6C0E2B8E4C350046C4D9 /* ContentView.swift in Sources */ = {isa = PBXBuildFile; fileRef = 1C1F6C0D2B8E4C350046C4D9 /* ContentView.swift */; };
		1C1F6C102B8E4C350046C4D9 /* MeasurementViewModel.swift in Sources */ = {isa = PBXBuildFile; fileRef = 1C1F6C0F2B8E4C350046C4D9 /* MeasurementViewModel.swift */; };
		1C1F6C122B8E4C350046C4D9 /* MeasurementCalculator.swift in Sources */ = {isa = PBXBuildFile; fileRef = 1C1F6C112B8E4C350046C4D9 /* MeasurementCalculator.swift */; };
		1C1F6C142B8E4C350046C4D9 /* LiDARCameraManager.swift in Sources */ = {isa = PBXBuildFile; fileRef = 1C1F6C132B8E4C350046C4D9 /* LiDARCameraManager.swift */; };
		1C1F6C162B8E4C350046C4D9 /* PoseDetector.swift in Sources */ = {isa = PBXBuildFile; fileRef = 1C1F6C152B8E4C350046C4D9 /* PoseDetector.swift */; };
		1C1F6C182B8E4C350046C4D9 /* PythonMeasurementAPI.swift in Sources */ = {isa = PBXBuildFile; fileRef = 1C1F6C172B8E4C350046C4D9 /* PythonMeasurementAPI.swift */; };
		1C1F6C1A2B8E4C6C0046C4D9 /* ARBodyCaptureView.swift in Sources */ = {isa = PBXBuildFile; fileRef = 1C1F6C1F2B8E4C860046C4D9 /* ARBodyCaptureView.swift */; };
		1C1F6C1B2B8E4C6C0046C4D9 /* ARBodyCaptureView_Enhanced.swift in Sources */ = {isa = PBXBuildFile; fileRef = 1C1F6C202B8E4C860046C4D9 /* ARBodyCaptureView_Enhanced.swift */; };
		1C1F6C1C2B8E4C6C0046C4D9 /* ARBodyTrackingManager.swift in Sources */ = {isa = PBXBuildFile; fileRef = 1C1F6C212B8E4C860046C4D9 /* ARBodyTrackingManager.swift */; };
		1C1F6C1D2B8E4C6C0046C4D9 /* ARKitMeasurementCalculator.swift in Sources */ = {isa = PBXBuildFile; fileRef = 1C1F6C222B8E4C860046C4D9 /* ARKitMeasurementCalculator.swift */; };
		1C1F6C1E2B8E4C6C0046C4D9 /* ArmPositionValidator.swift in Sources */ = {isa = PBXBuildFile; fileRef = 1C1F6C232B8E4C860046C4D9 /* ArmPositionValidator.swift */; };
		1C1F6C242B8E4C6C0046C4D9 /* AudioGuidanceManager.swift in Sources */ = {isa = PBXBuildFile; fileRef = 1C1F6C242B8E4C860046C4D9 /* AudioGuidanceManager.swift */; };
/* End PBXBuildFile section */

/* Begin PBXFileReference section */
		1C1F6C032B8E4C140046C4D9 /* FitTwinMeasure.app */ = {isa = PBXFileReference; explicitFileType = wrapper.application; includeInIndex = 0; path = FitTwinMeasure.app; sourceTree = BUILT_PRODUCTS_DIR; };
		1C1F6C0B2B8E4C350046C4D9 /* FitTwinMeasureApp.swift */ = {isa = PBXFileReference; lastKnownFileType = sourcecode.swift; path = FitTwinMeasureApp.swift; sourceTree = "<group>"; };
		1C1F6C0D2B8E4C350046C4D9 /* ContentView.swift */ = {isa = PBXFileReference; lastKnownFileType = sourcecode.swift; path = ContentView.swift; sourceTree = "<group>"; };
		1C1F6C0F2B8E4C350046C4D9 /* MeasurementViewModel.swift */ = {isa = PBXFileReference; lastKnownFileType = sourcecode.swift; path = MeasurementViewModel.swift; sourceTree = "<group>"; };
		1C1F6C112B8E4C350046C4D9 /* MeasurementCalculator.swift */ = {isa = PBXFileReference; lastKnownFileType = sourcecode.swift; path = MeasurementCalculator.swift; sourceTree = "<group>"; };
		1C1F6C132B8E4C350046C4D9 /* LiDARCameraManager.swift */ = {isa = PBXFileReference; lastKnownFileType = sourcecode.swift; path = LiDARCameraManager.swift; sourceTree = "<group>"; };
		1C1F6C152B8E4C350046C4D9 /* PoseDetector.swift */ = {isa = PBXFileReference; lastKnownFileType = sourcecode.swift; path = PoseDetector.swift; sourceTree = "<group>"; };
		1C1F6C172B8E4C350046C4D9 /* PythonMeasurementAPI.swift */ = {isa = PBXFileReference; lastKnownFileType = sourcecode.swift; path = PythonMeasurementAPI.swift; sourceTree = "<group>"; };
		1C1F6C1F2B8E4C860046C4D9 /* ARBodyCaptureView.swift */ = {isa = PBXFileReference; lastKnownFileType = sourcecode.swift; path = ARBodyCaptureView.swift; sourceTree = "<group>"; };
		1C1F6C202B8E4C860046C4D9 /* ARBodyCaptureView_Enhanced.swift */ = {isa = PBXFileReference; lastKnownFileType = sourcecode.swift; path = ARBodyCaptureView_Enhanced.swift; sourceTree = "<group>"; };
		1C1F6C212B8E4C860046C4D9 /* ARBodyTrackingManager.swift */ = {isa = PBXFileReference; lastKnownFileType = sourcecode.swift; path = ARBodyTrackingManager.swift; sourceTree = "<group>"; };
		1C1F6C222B8E4C860046C4D9 /* ARKitMeasurementCalculator.swift */ = {isa = PBXFileReference; lastKnownFileType = sourcecode.swift; path = ARKitMeasurementCalculator.swift; sourceTree = "<group>"; };
		1C1F6C232B8E4C860046C4D9 /* ArmPositionValidator.swift */ = {isa = PBXFileReference; lastKnownFileType = sourcecode.swift; path = ArmPositionValidator.swift; sourceTree = "<group>"; };
		1C1F6C242B8E4C860046C4D9 /* AudioGuidanceManager.swift */ = {isa = PBXFileReference; lastKnownFileType = sourcecode.swift; path = AudioGuidanceManager.swift; sourceTree = "<group>"; };
		1C1F6C252B8E4C860046C4D9 /* Info.plist */ = {isa = PBXFileReference; lastKnownFileType = text.plist.xml; path = Info.plist; sourceTree = "<group>"; };
/* End PBXFileReference section */

/* Begin PBXFrameworksBuildPhase section */
		1C1F6BF92B8E4BEB0046C4D9 /* Frameworks */ = {
			isa = PBXFrameworksBuildPhase;
			buildActionMask = 2147483647;
			files = (
			);
			runOnlyForDeploymentPostprocessing = 0;
		};
/* End PBXFrameworksBuildPhase section */

/* Begin PBXGroup section */
		1C1F6BEF2B8E4BEB0046C4D9 = {
			isa = PBXGroup;
			children = (
				1C1F6BF02B8E4BEB0046C4D9 /* FitTwinMeasure */,
				1C1F6BF22B8E4BEB0046C4D9 /* Products */,
			);
			sourceTree = "<group>";
		};
		1C1F6BF02B8E4BEB0046C4D9 /* FitTwinMeasure */ = {
			isa = PBXGroup;
			children = (
				1C1F6C0B2B8E4C350046C4D9 /* FitTwinMeasureApp.swift */,
				1C1F6C0D2B8E4C350046C4D9 /* ContentView.swift */,
				1C1F6C0F2B8E4C350046C4D9 /* MeasurementViewModel.swift */,
				1C1F6C112B8E4C350046C4D9 /* MeasurementCalculator.swift */,
				1C1F6C132B8E4C350046C4D9 /* LiDARCameraManager.swift */,
				1C1F6C152B8E4C350046C4D9 /* PoseDetector.swift */,
				1C1F6C172B8E4C350046C4D9 /* PythonMeasurementAPI.swift */,
				1C1F6C1F2B8E4C860046C4D9 /* ARBodyCaptureView.swift */,
				1C1F6C202B8E4C860046C4D9 /* ARBodyCaptureView_Enhanced.swift */,
				1C1F6C212B8E4C860046C4D9 /* ARBodyTrackingManager.swift */,
				1C1F6C222B8E4C860046C4D9 /* ARKitMeasurementCalculator.swift */,
				1C1F6C232B8E4C860046C4D9 /* ArmPositionValidator.swift */,
				1C1F6C242B8E4C860046C4D9 /* AudioGuidanceManager.swift */,
				1C1F6C252B8E4C860046C4D9 /* Info.plist */,
			);
			path = FitTwinMeasure;
			sourceTree = "<group>";
		};
		1C1F6BF22B8E4BEB0046C4D9 /* Products */ = {
			isa = PBXGroup;
			children = (
				1C1F6C032B8E4C140046C4D9 /* FitTwinMeasure.app */,
			);
			name = Products;
			sourceTree = "<group>";
		};
/* End PBXGroup section */

/* Begin PBXNativeTarget section */
		1C1F6BF82B8E4BEB0046C4D9 /* FitTwinMeasure */ = {
			isa = PBXNativeTarget;
			buildConfigurationList = 1C1F6C062B8E4C140046C4D9 /* Build configuration list for PBXNativeTarget "FitTwinMeasure" */;
			buildPhases = (
				1C1F6BF92B8E4BEB0046C4D9 /* Frameworks */,
				1C1F6BF72B8E4BEB0046C4D9 /* Sources */,
			);
			buildRules = (
			);
			dependencies = (
			);
			name = FitTwinMeasure;
			productName = FitTwinMeasure;
			productReference = 1C1F6C032B8E4C140046C4D9 /* FitTwinMeasure.app */;
			productType = "com.apple.product-type.application";
		};
/* End PBXNativeTarget section */

/* Begin PBXProject section */
		1C1F6BF32B8E4BEB0046C4D9 /* Project object */ = {
			isa = PBXProject;
			attributes = {
				BuildIndependentTargetsInParallel = 1;
				LastSwiftUpdateCheck = 1500;
				LastUpgradeCheck = 1500;
			};
			buildConfigurationList = 1C1F6BF62B8E4BEB0046C4D9 /* Build configuration list for PBXProject "FitTwinMeasure" */;
			compatibilityVersion = "Xcode 14.0";
			developmentRegion = en;
			hasScannedForEncodings = 0;
			knownRegions = (
				en,
			);
			mainGroup = 1C1F6BEF2B8E4BEB0046C4D9;
			productRefGroup = 1C1F6BF22B8E4BEB0046C4D9 /* Products */;
			projectDirPath = "";
			projectRoot = "";
			targets = (
				1C1F6BF82B8E4BEB0046C4D9 /* FitTwinMeasure */,
			);
		};
/* End PBXProject section */

/* Begin PBXSourcesBuildPhase section */
		1C1F6BF72B8E4BEB0046C4D9 /* Sources */ = {
			isa = PBXSourcesBuildPhase;
			buildActionMask = 2147483647;
			files = (
				1C1F6C242B8E4C6C0046C4D9 /* AudioGuidanceManager.swift in Sources */,
				1C1F6C1E2B8E4C6C0046C4D9 /* ArmPositionValidator.swift in Sources */,
				1C1F6C1C2B8E4C6C0046C4D9 /* ARBodyTrackingManager.swift in Sources */,
				1C1F6C1B2B8E4C6C0046C4D9 /* ARBodyCaptureView_Enhanced.swift in Sources */,
				1C1F6C1D2B8E4C6C0046C4D9 /* ARKitMeasurementCalculator.swift in Sources */,
				1C1F6C1A2B8E4C6C0046C4D9 /* ARBodyCaptureView.swift in Sources */,
				1C1F6C122B8E4C350046C4D9 /* MeasurementCalculator.swift in Sources */,
				1C1F6C142B8E4C350046C4D9 /* LiDARCameraManager.swift in Sources */,
				1C1F6C0C2B8E4C350046C4D9 /* FitTwinMeasureApp.swift in Sources */,
				1C1F6C0E2B8E4C350046C4D9 /* ContentView.swift in Sources */,
				1C1F6C162B8E4C350046C4D9 /* PoseDetector.swift in Sources */,
				1C1F6C102B8E4C350046C4D9 /* MeasurementViewModel.swift in Sources */,
				1C1F6C182B8E4C350046C4D9 /* PythonMeasurementAPI.swift in Sources */,
			);
			runOnlyForDeploymentPostprocessing = 0;
		};
/* End PBXSourcesBuildPhase section */

/* Begin XCBuildConfiguration section */
		1C1F6C042B8E4C140046C4D9 /* Debug */ = {
			isa = XCBuildConfiguration;
			buildSettings = {
				ASSETCATALOG_COMPILER_APPICON_NAME = AppIcon;
				CODE_SIGN_STYLE = Automatic;
				CURRENT_PROJECT_VERSION = 1;
				DEVELOPMENT_TEAM = 39MVLNH773;
				INFOPLIST_FILE = FitTwinMeasure/Info.plist;
				IPHONEOS_DEPLOYMENT_TARGET = 16.0;
				LD_RUNPATH_SEARCH_PATHS = (
					"$(inherited)",
					"@executable_path/Frameworks",
				);
				MARKETING_VERSION = 1.0;
				PRODUCT_BUNDLE_IDENTIFIER = com.fittwin.measure;
				PRODUCT_NAME = "$(TARGET_NAME)";
				SDKROOT = iphoneos;
				SUPPORTED_PLATFORMS = "iphoneos iphonesimulator";
				SWIFT_VERSION = 5.0;
				TARGETED_DEVICE_FAMILY = "1,2";
			};
			name = Debug;
		};
		1C1F6C052B8E4C140046C4D9 /* Release */ = {
			isa = XCBuildConfiguration;
			buildSettings = {
				ASSETCATALOG_COMPILER_APPICON_NAME = AppIcon;
				CODE_SIGN_STYLE = Automatic;
				CURRENT_PROJECT_VERSION = 1;
				DEVELOPMENT_TEAM = 39MVLNH773;
				INFOPLIST_FILE = FitTwinMeasure/Info.plist;
				IPHONEOS_DEPLOYMENT_TARGET = 16.0;
				LD_RUNPATH_SEARCH_PATHS = (
					"$(inherited)",
					"@executable_path/Frameworks",
				);
				MARKETING_VERSION = 1.0;
				PRODUCT_BUNDLE_IDENTIFIER = com.fittwin.measure;
				PRODUCT_NAME = "$(TARGET_NAME)";
				SDKROOT = iphoneos;
				SUPPORTED_PLATFORMS = "iphoneos iphonesimulator";
				SWIFT_VERSION = 5.0;
				TARGETED_DEVICE_FAMILY = "1,2";
			};
			name = Release;
		};
/* End XCBuildConfiguration section */

/* Begin XCConfigurationList section */
		1C1F6BF62B8E4BEB0046C4D9 /* Build configuration list for PBXProject "FitTwinMeasure" */ = {
			isa = XCConfigurationList;
			buildConfigurations = (
				1C1F6C042B8E4C140046C4D9 /* Debug */,
				1C1F6C052B8E4C140046C4D9 /* Release */,
			);
			defaultConfigurationIsVisible = 0;
			defaultConfigurationName = Release;
		};
		1C1F6C062B8E4C140046C4D9 /* Build configuration list for PBXNativeTarget "FitTwinMeasure" */ = {
			isa = XCConfigurationList;
			buildConfigurations = (
				1C1F6C042B8E4C140046C4D9 /* Debug */,
				1C1F6C052B8E4C140046C4D9 /* Release */,
			);
			defaultConfigurationIsVisible = 0;
			defaultConfigurationName = Release;
		};
/* End XCConfigurationList section */
	};
	rootObject = 1C1F6BF32B8E4BEB0046C4D9 /* Project object */;
}
